# This file is autogenerated, do not edit; changes may be undone by the next 'dep ensure'.


[[projects]]
  name = "github.com/Azure/azure-pipeline-go"
  packages = ["pipeline"]
  revision = "232aee85e8e3a6223a11c0943f7df2ae0fac00e4"
  version = "v0.2.2"

[[projects]]
  name = "github.com/Azure/azure-sdk-for-go"
  packages = ["services/compute/mgmt/2018-06-01/compute","services/dns/mgmt/2017-10-01/dns","services/network/mgmt/2018-06-01/network","services/resources/mgmt/2017-05-10/resources","services/resources/mgmt/2018-05-01/resources","services/storage/mgmt/2018-07-01/storage","version"]
  revision = "68963eeeb7479a7f78fa571b07d745b49cd8d747"
  version = "v38.2.0"

[[projects]]
  name = "github.com/Azure/azure-storage-blob-go"
  packages = ["azblob"]
  revision = "fc700035fe4a7020f50d49f420b3c088aed57e03"
  version = "v0.8.0"

[[projects]]
  branch = "master"
  name = "github.com/Azure/go-ansiterm"
  packages = [".","winterm"]
  revision = "d6e3b3328b783f23731bc4d058875b0371ff8109"

[[projects]]
  name = "github.com/Azure/go-autorest"
  packages = ["autorest","autorest/adal","autorest/azure","autorest/date","autorest/to","autorest/validation","logger","tracing"]
  revision = "20a15b4e99645bc30a1cf8de518a6e8ac331c864"
  version = "v13.3.2"

[[projects]]
  name = "github.com/BurntSushi/toml"
  packages = ["."]
  revision = "3012a1dbe2e4bd1391d42b32f0577cb7bbc7f005"
  version = "v0.3.1"

[[projects]]
  name = "github.com/MakeNowJust/heredoc"
  packages = ["."]
  revision = "efb6ca8de9d5385c3963279701760e37637cf238"
  version = "v2.0.1"

[[projects]]
  name = "github.com/Masterminds/goutils"
  packages = ["."]
  revision = "41ac8693c5c10a92ea1ff5ac3a7f95646f6123b0"
  version = "v1.1.0"

[[projects]]
  name = "github.com/Masterminds/semver"
  packages = ["."]
  revision = "fe7c21038085e01e67044ec1efe3afb1eaa59f75"
  version = "v3.0.1"

[[projects]]
  name = "github.com/Masterminds/sprig"
  packages = ["."]
  revision = "e4c0945838d570720d876a6ad9b4568ed32317b4"
  version = "v2.22.0"

[[projects]]
  name = "github.com/PuerkitoBio/purell"
  packages = ["."]
  revision = "44968752391892e1b0d0b821ee79e9a85fa13049"
  version = "v1.1.1"

[[projects]]
  branch = "master"
  name = "github.com/PuerkitoBio/urlesc"
  packages = ["."]
  revision = "de5bf2ad457846296e2031421a34e2568e304e35"

[[projects]]
  name = "github.com/Sirupsen/logrus"
  packages = ["."]
  revision = "839c75faf7f98a33d445d181f3018b5c3409a45e"
  version = "v1.4.2"

[[projects]]
  name = "github.com/beorn7/perks"
  packages = ["quantile"]
  revision = "37c8de3658fcb183f997c4e13e8337516ab753e6"
  version = "v1.0.1"

[[projects]]
  name = "github.com/cenkalti/backoff"
  packages = ["."]
  revision = "5267b6dd4d2666b980a911bf235efa276222cbe2"
  version = "v2.2.1"

[[projects]]
  branch = "master"
  name = "github.com/chai2010/gettext-go"
  packages = ["gettext","gettext/mo","gettext/plural","gettext/po"]
  revision = "6b9f4b1008e1c41455d40558ca5dade14f360ab8"

[[projects]]
  name = "github.com/coreos/go-semver"
  packages = ["semver"]
  revision = "8ab6407b697782a06568d4b7f1db25550ec2e4c6"
  version = "v0.2.0"

[[projects]]
  name = "github.com/cyphar/filepath-securejoin"
  packages = ["."]
  revision = "a261ee33d7a517f054effbf451841abaafe3e0fd"
  version = "v0.2.2"

[[projects]]
  name = "github.com/davecgh/go-spew"
  packages = ["spew"]
  revision = "8991bc29aa16c548c550c7ff78260e27b9ab7c73"
  version = "v1.1.1"

[[projects]]
  name = "github.com/dgrijalva/jwt-go"
  packages = ["."]
  revision = "06ea1031745cb8b3dab3f6a236daf2b0aa468b7e"
  version = "v3.2.0"

[[projects]]
  branch = "master"
  name = "github.com/docker/distribution"
  packages = ["digestset","reference"]
  revision = "a8371794149d1d95f1e846744b05c87f2f825e5a"

[[projects]]
  name = "github.com/docker/docker"
  packages = ["pkg/term","pkg/term/windows"]
  revision = "092cba3727bb9b4a2f0e922cd6c0f93ea270e363"
  version = "v1.13.1"

[[projects]]
  branch = "master"
  name = "github.com/docker/spdystream"
  packages = [".","spdy"]
  revision = "6480d4af844c189cf5dd913db24ddd339d3a4f85"

[[projects]]
  name = "github.com/emicklei/go-restful"
  packages = [".","log"]
  revision = "99f05a26a0a1c71e664ebe6a76d29b2c80333056"
  version = "v2.11.1"

[[projects]]
  name = "github.com/evanphx/json-patch"
  packages = ["."]
  revision = "bf22ed9311622d93e213ba31e4ae7a5771e5d379"
  version = "v4.6.0"

[[projects]]
  branch = "master"
  name = "github.com/exponent-io/jsonpath"
  packages = ["."]
  revision = "d6023ce2651d8eafb5c75bb0c7167536102ec9f5"

[[projects]]
  name = "github.com/fsnotify/fsnotify"
  packages = ["."]
  revision = "c2828203cd70a50dcccfb2761f8b1f8ceef9a8e9"
  version = "v1.4.7"

[[projects]]
  branch = "master"
  name = "github.com/ghodss/yaml"
  packages = ["."]
  revision = "25d852aebe32c875e9c044af3eef9c7dc6bc777f"

[[projects]]
  branch = "master"
  name = "github.com/giantswarm/apiextensions"
  packages = ["pkg/apis/application/v1alpha1","pkg/apis/core/v1alpha1","pkg/apis/example/v1alpha1","pkg/apis/infrastructure/v1alpha2","pkg/apis/provider/v1alpha1","pkg/apis/release/v1alpha1","pkg/clientset/versioned","pkg/clientset/versioned/scheme","pkg/clientset/versioned/typed/application/v1alpha1","pkg/clientset/versioned/typed/core/v1alpha1","pkg/clientset/versioned/typed/example/v1alpha1","pkg/clientset/versioned/typed/infrastructure/v1alpha2","pkg/clientset/versioned/typed/provider/v1alpha1","pkg/clientset/versioned/typed/release/v1alpha1"]
  revision = "78e994410a109864a20ff026a253214db491fa3a"

[[projects]]
  branch = "master"
  name = "github.com/giantswarm/apprclient"
  packages = ["."]
  revision = "955b7e89e6e212610b2f233082fbe76636c8acf1"

[[projects]]
  branch = "master"
  name = "github.com/giantswarm/backoff"
  packages = ["."]
  revision = "4dd4911251929a0ac4c4f3d8c4bda482a9e09f30"

[[projects]]
  branch = "master"
  name = "github.com/giantswarm/certs"
  packages = [".","certstest"]
  revision = "3f774da07e59f9446507f506cae152c93ad2e46c"

[[projects]]
  branch = "master"
  name = "github.com/giantswarm/e2e-harness"
  packages = ["internal/filelogger","pkg/framework","pkg/harness","pkg/release"]
  revision = "b2048d8645c15ac583a270c57b95855426e48958"

[[projects]]
  branch = "master"
  name = "github.com/giantswarm/e2eclients"
  packages = ["azure"]
  revision = "ea0388753075996907cddfabd8f57f1a66f8fac3"

[[projects]]
  branch = "master"
  name = "github.com/giantswarm/e2etemplates"
  packages = ["internal/render","pkg/chartvalues"]
  revision = "a4380f15546bede53707155ea5519b1a20f04cf4"

[[projects]]
  branch = "master"
  name = "github.com/giantswarm/e2etests"
  packages = ["clusterstate","clusterstate/provider","scaling","scaling/provider","update","update/provider"]
  revision = "208247dafcdeff1443690d271cb9e033c1e134e1"

[[projects]]
  branch = "master"
  name = "github.com/giantswarm/errors"
  packages = ["tenant"]
  revision = "96947b409e84afff31ed3cdf804fe076f3ef9aa8"

[[projects]]
  branch = "master"
  name = "github.com/giantswarm/exporterkit"
  packages = ["collector"]
  revision = "9749deade60f7624620aa7158a4f38c87ea23795"

[[projects]]
  branch = "master"
  name = "github.com/giantswarm/helmclient"
  packages = ["."]
  revision = "fcf7a5811f1327ac20182f1a6125fc99b4a82d28"

[[projects]]
  branch = "master"
  name = "github.com/giantswarm/ipam"
  packages = ["."]
  revision = "ce634ba25306b7a1e7f590d1a672c9811d90d6f2"

[[projects]]
  branch = "master"
  name = "github.com/giantswarm/k8sclient"
  packages = [".","k8scrdclient","k8srestconfig"]
  revision = "1542917096d6cb2f12745ab24850a930a89dca6c"

[[projects]]
  branch = "master"
  name = "github.com/giantswarm/k8scloudconfig"
  packages = ["ignition/v_2_2_0","v_4_1_1","v_4_3_0","v_4_5_0","v_4_5_1","v_4_6_0","v_4_7_0","v_4_8_1","v_4_9_0","v_5_0_0"]
  revision = "201778b01f0dd8f1af514af38021bf4ee4e9ff8c"

[[projects]]
  branch = "master"
  name = "github.com/giantswarm/k8sportforward"
  packages = ["."]
  revision = "21368288d82d86aeefb191825df98e7f71e96bb1"

[[projects]]
  branch = "master"
  name = "github.com/giantswarm/microendpoint"
  packages = ["endpoint/healthz","endpoint/version","service/healthz","service/version"]
  revision = "e991deac265373d9347b96ecc56b13f228be144f"

[[projects]]
  branch = "master"
  name = "github.com/giantswarm/microerror"
  packages = ["."]
  revision = "e0ebc4ecf5a515b8f2a33257d08962e387120a77"

[[projects]]
  branch = "master"
  name = "github.com/giantswarm/microkit"
  packages = ["command","command/daemon","command/daemon/flag","command/daemon/flag/config","command/daemon/flag/server","command/daemon/flag/server/enable","command/daemon/flag/server/enable/debug","command/daemon/flag/server/listen","command/daemon/flag/server/log","command/daemon/flag/server/tls","command/version","flag","server","tls"]
  revision = "429e22e73d3e1ccfbc9311baa3ea9526423debdf"

[[projects]]
  branch = "master"
  name = "github.com/giantswarm/micrologger"
  packages = [".","loggermeta","microloggertest"]
  revision = "d866337f739365a54de5924b8a7b29df17693ef8"

[[projects]]
  branch = "master"
  name = "github.com/giantswarm/microstorage"
  packages = ["."]
  revision = "a5580e1bbf6074e09ab759efd875fb3c2af7f7d5"

[[projects]]
  branch = "master"
  name = "github.com/giantswarm/operatorkit"
  packages = ["controller","controller/collector","controller/context/finalizerskeptcontext","controller/context/reconciliationcanceledcontext","controller/context/resourcecanceledcontext","controller/context/updateallowedcontext","flag/service/kubernetes","flag/service/kubernetes/tls","flag/service/kubernetes/watch","resource","resource/crud","resource/wrapper/internal","resource/wrapper/metricsresource","resource/wrapper/retryresource"]
  revision = "aa7ed959916171a1bc18c4f5ecf4b680c7e4af9e"

[[projects]]
  branch = "master"
  name = "github.com/giantswarm/randomkeys"
  packages = ["."]
  revision = "5e18457bd062f9a11d11fe5719ccf28101945ce0"

[[projects]]
  branch = "master"
  name = "github.com/giantswarm/statusresource"
  packages = ["."]
  revision = "1c017ce979b34a7f9bd1f46ebaeb2ca95771c758"

[[projects]]
  branch = "master"
  name = "github.com/giantswarm/tenantcluster"
  packages = ["."]
  revision = "800974a4d4bffd6f8f521b30f5fd353d1072e518"

[[projects]]
  branch = "master"
  name = "github.com/giantswarm/to"
  packages = ["."]
  revision = "f2078541ec95746f9e8631c944a16592d185b2d7"

[[projects]]
  branch = "master"
  name = "github.com/giantswarm/versionbundle"
  packages = ["."]
  revision = "460177a461bd8069a25d3628aad821052410fd9b"

[[projects]]
  name = "github.com/go-kit/kit"
  packages = ["endpoint","log","transport/http"]
  revision = "4dc7be5d2d12881735283bcab7352178e190fc71"
  version = "v0.6.0"

[[projects]]
  name = "github.com/go-logfmt/logfmt"
  packages = ["."]
  revision = "3be5f6aae7db841d31dc5e1b3bb7b4cff19200b3"
  version = "v0.5.0"

[[projects]]
  name = "github.com/go-logr/logr"
  packages = ["."]
  revision = "9fb12b3b21c5415d16ac18dc5cd42c1cfdd40c4e"
  version = "v0.1.0"

[[projects]]
  name = "github.com/go-openapi/jsonpointer"
  packages = ["."]
  revision = "ed123515f087412cd7ef02e49b0b0a5e6a79a360"
  version = "v0.19.3"

[[projects]]
  name = "github.com/go-openapi/jsonreference"
  packages = ["."]
  revision = "82f31475a8f7a12bc26962f6e26ceade8ea6f66a"
  version = "v0.19.3"

[[projects]]
  name = "github.com/go-openapi/spec"
  packages = ["."]
  revision = "772572fd19ebcc983369e53bfaed4bde2077fe0c"
  version = "v0.19.5"

[[projects]]
  name = "github.com/go-openapi/swag"
  packages = ["."]
  revision = "6a1eb9830f1c6b090dcd01cee6c3983604a2306f"
  version = "v0.19.7"

[[projects]]
  name = "github.com/go-stack/stack"
  packages = ["."]
  revision = "2fee6af1a9795aafbe0253a0cfbdf668e1fb8a9a"
  version = "v1.8.0"

[[projects]]
  name = "github.com/gobwas/glob"
  packages = [".","compiler","match","syntax","syntax/ast","syntax/lexer","util/runes","util/strings"]
  revision = "5ccd90ef52e1e632236f7326478d4faa74f99438"
  version = "v0.2.3"

[[projects]]
  name = "github.com/gogo/protobuf"
  packages = ["proto","sortkeys"]
  revision = "5628607bb4c51c3157aacc3a50f0ab707582b805"
  version = "v1.3.1"

[[projects]]
  branch = "master"
  name = "github.com/golang/groupcache"
  packages = ["lru"]
  revision = "8c9f03a8e57eb486e42badaed3fb287da51807ba"

[[projects]]
  name = "github.com/golang/protobuf"
  packages = ["proto","ptypes","ptypes/any","ptypes/duration","ptypes/timestamp"]
  revision = "d23c5127dc24889085f8ccea5c9d560a57a879d8"
  version = "v1.3.3"

[[projects]]
  name = "github.com/google/btree"
  packages = ["."]
  revision = "4030bb1f1f0c35b30ca7009e9ebd06849dd45306"
  version = "v1.0.0"

[[projects]]
  name = "github.com/google/go-cmp"
  packages = ["cmp","cmp/internal/diff","cmp/internal/flags","cmp/internal/function","cmp/internal/value"]
  revision = "2d0692c2e9617365a95b295612ac0d4415ba4627"
  version = "v0.3.1"

[[projects]]
  name = "github.com/google/go-github"
  packages = ["github"]
  revision = "361256aa6e01256279b0805586b6c491ff2045d9"
  version = "v25.1.3"

[[projects]]
  name = "github.com/google/go-querystring"
  packages = ["query"]
  revision = "44c6ddd0a2342c386950e880b658017258da92fc"
  version = "v1.0.0"

[[projects]]
  name = "github.com/google/gofuzz"
  packages = ["."]
  revision = "db92cf7ae75e4a7a28abc005addab2b394362888"
  version = "v1.1.0"

[[projects]]
  name = "github.com/google/uuid"
  packages = ["."]
  revision = "0cd6bf5da1e1c83f8b45653022c74f71af0538a4"
  version = "v1.1.1"

[[projects]]
  name = "github.com/googleapis/gnostic"
  packages = ["OpenAPIv2","compiler","extensions"]
  revision = "99384834bf8c58ce7ab88db353283bedcb53e1ca"
  version = "v0.4.0"

[[projects]]
  name = "github.com/gorilla/mux"
  packages = ["."]
  revision = "00bdffe0f3c77e27d2cf6f5c70232a2d3e4d9c15"
  version = "v1.7.3"

[[projects]]
  branch = "master"
  name = "github.com/gregjones/httpcache"
  packages = [".","diskcache"]
  revision = "901d90724c7919163f472a9812253fb26761123d"

[[projects]]
  name = "github.com/hashicorp/golang-lru"
  packages = [".","simplelru"]
  revision = "14eae340515388ca95aa8e7b86f0de668e981f54"
  version = "v0.5.4"

[[projects]]
  name = "github.com/hashicorp/hcl"
  packages = [".","hcl/ast","hcl/parser","hcl/printer","hcl/scanner","hcl/strconv","hcl/token","json/parser","json/scanner","json/token"]
  revision = "8cb6e5b959231cc1119e43259c4a608f9c51a241"
  version = "v1.0.0"

[[projects]]
  name = "github.com/huandu/xstrings"
  packages = ["."]
  revision = "73cc8800d807c1a3393060290e46ab19b565d584"
  version = "v1.3.0"

[[projects]]
  name = "github.com/imdario/mergo"
  packages = ["."]
  revision = "1afb36080aec31e0d1528973ebe6721b191b0369"
  version = "v0.3.8"

[[projects]]
  name = "github.com/inconshreveable/mousetrap"
  packages = ["."]
  revision = "76626ae9c91c4f2a10f34cad8ce83ea42c93bb75"
  version = "v1.0"

[[projects]]
  name = "github.com/jmoiron/sqlx"
  packages = [".","reflectx"]
  revision = "d161d7a76b5661016ad0b085869f77fd410f3e6a"
  version = "v1.2.0"

[[projects]]
  name = "github.com/json-iterator/go"
  packages = ["."]
  revision = "acfec88f7a0d5140ace3dcdbee10184e3684a9e1"
  version = "v1.1.9"

[[projects]]
  branch = "master"
  name = "github.com/juju/errgo"
  packages = ["."]
  revision = "08cceb5d0b5331634b9826762a8fd53b29b86ad8"

[[projects]]
  name = "github.com/konsorten/go-windows-terminal-sequences"
  packages = ["."]
  revision = "f55edac94c9bbba5d6182a4be46d86a2c9b5b50e"
  version = "v1.0.2"

[[projects]]
  name = "github.com/lib/pq"
  packages = [".","oid","scram"]
  revision = "99274577be97ac9b1d95a2d61d566dc9b7cc6a54"
  version = "v1.3.0"

[[projects]]
  branch = "master"
  name = "github.com/liggitt/tabwriter"
  packages = ["."]
  revision = "89fcab3d43de07060e4fd4c1547430ed57e87f24"

[[projects]]
  name = "github.com/magiconair/properties"
  packages = ["."]
  revision = "de8848e004dd33dc07a2947b3d76f618a7fc7ef1"
  version = "v1.8.1"

[[projects]]
  name = "github.com/mailru/easyjson"
  packages = ["buffer","jlexer","jwriter"]
  revision = "1b2b06f5f209fea48ff5922d8bfb2b9ed5d8f00b"
  version = "v0.7.0"

[[projects]]
  branch = "master"
  name = "github.com/mattn/go-ieproxy"
  packages = ["."]
  revision = "6d733ce01d10a00b8e814f9f19189b721a6e5d85"

[[projects]]
  name = "github.com/matttproud/golang_protobuf_extensions"
  packages = ["pbutil"]
  revision = "c12348ce28de40eed0136aa2b644d0ee0650e56c"
  version = "v1.0.1"

[[projects]]
  name = "github.com/mitchellh/copystructure"
  packages = ["."]
  revision = "9a1b6f44e8da0e0e374624fb0a825a231b00c537"
  version = "v1.0.0"

[[projects]]
  name = "github.com/mitchellh/go-wordwrap"
  packages = ["."]
  revision = "9e67c67572bc5dd02aef930e2b0ae3c02a4b5a5c"
  version = "v1.0.0"

[[projects]]
  name = "github.com/mitchellh/mapstructure"
  packages = ["."]
  revision = "3536a929edddb9a5b34bd6861dc4a9647cb459fe"
  version = "v1.1.2"

[[projects]]
  name = "github.com/mitchellh/reflectwalk"
  packages = ["."]
  revision = "3e2c75dfad4fbf904b58782a80fd595c760ad185"
  version = "v1.0.1"

[[projects]]
  name = "github.com/modern-go/concurrent"
  packages = ["."]
  revision = "bacd9c7ef1dd9b15be4a9909b8ac7a4e313eec94"
  version = "1.0.3"

[[projects]]
  name = "github.com/modern-go/reflect2"
  packages = ["."]
  revision = "4b7aa43c6742a2c18fdef89dd197aaae7dac7ccd"
  version = "1.0.1"

[[projects]]
  name = "github.com/opencontainers/go-digest"
  packages = ["."]
  revision = "279bed98673dd5bef374d3b6e4b09e2af76183bf"
  version = "v1.0.0-rc1"

[[projects]]
  name = "github.com/patrickmn/go-cache"
  packages = ["."]
  revision = "a3647f8e31d79543b2d0f0ae2fe5c379d72cedc0"
  version = "v2.1.0"

[[projects]]
  name = "github.com/pelletier/go-toml"
  packages = ["."]
  revision = "903d9455db9ff1d7ac1ab199062eca7266dd11a3"
  version = "v1.6.0"

[[projects]]
  branch = "master"
  name = "github.com/petar/GoLLRB"
  packages = ["llrb"]
  revision = "33fb24c13b99c46c93183c291836c573ac382536"

[[projects]]
  name = "github.com/peterbourgon/diskv"
  packages = ["."]
  revision = "0be1b92a6df0e4f5cb0a5d15fb7f643d0ad93ce6"
  version = "v3.0.0"

[[projects]]
  name = "github.com/pkg/errors"
  packages = ["."]
  revision = "614d223910a179a466c1767a985424175c39b465"
  version = "v0.9.1"

[[projects]]
  name = "github.com/prometheus/client_golang"
  packages = ["prometheus","prometheus/internal","prometheus/promhttp"]
  revision = "2641b987480bca71fb39738eb8c8b0d577cb1d76"
  version = "v0.9.4"

[[projects]]
  name = "github.com/prometheus/client_model"
  packages = ["go"]
  revision = "7bc5445566f0fe75b15de23e6b93886e982d7bf9"
  version = "v0.2.0"

[[projects]]
  name = "github.com/prometheus/common"
  packages = ["expfmt","internal/bitbucket.org/ww/goautoneg","model"]
  revision = "d978bcb1309602d68bb4ba69cf3f8ed900e07308"
  version = "v0.9.1"

[[projects]]
  name = "github.com/prometheus/procfs"
  packages = [".","internal/fs","internal/util"]
  revision = "6d489fc7f1d9cd890a250f3ea3431b1744b9623f"
  version = "v0.0.8"

[[projects]]
  branch = "master"
  name = "github.com/rubenv/sql-migrate"
  packages = [".","sqlparse"]
  revision = "8794cecc920cfdeb701ec73fdfc464b3e3d4e7ae"

[[projects]]
  name = "github.com/russross/blackfriday"
  packages = ["."]
  revision = "05f3235734ad95d0016f6a23902f06461fcf567a"
  version = "v1.5.2"

[[projects]]
  name = "github.com/spf13/afero"
  packages = [".","mem"]
  revision = "588a75ec4f32903aa5e39a2619ba6a4631e28424"
  version = "v1.2.2"

[[projects]]
  name = "github.com/spf13/cast"
  packages = ["."]
  revision = "1ffadf551085444af981432dd0f6d1160c11ec64"
  version = "v1.3.1"

[[projects]]
  name = "github.com/spf13/cobra"
  packages = ["."]
  revision = "f2b07da1e2c38d5f12845a4f607e2e1018cbb1f5"
  version = "v0.0.5"

[[projects]]
  name = "github.com/spf13/jwalterweatherman"
  packages = ["."]
  revision = "94f6ae3ed3bceceafa716478c5fbf8d29ca601a1"
  version = "v1.1.0"

[[projects]]
  name = "github.com/spf13/pflag"
  packages = ["."]
  revision = "2e9d26c8c37aae03e3f9d4e90b7116f5accb7cab"
  version = "v1.0.5"

[[projects]]
  name = "github.com/spf13/viper"
  packages = ["."]
  revision = "4525543ce4fe90f7970f5e2cdc300b8ffc8c0582"
  version = "v1.6.2"

[[projects]]
  name = "github.com/subosito/gotenv"
  packages = ["."]
  revision = "2ef7124db659d49edac6aa459693a15ae36c671a"
  version = "v1.2.0"

[[projects]]
  branch = "master"
  name = "golang.org/x/crypto"
  packages = ["cast5","ed25519","ed25519/internal/edwards25519","openpgp","openpgp/armor","openpgp/clearsign","openpgp/elgamal","openpgp/errors","openpgp/packet","openpgp/s2k","pbkdf2","scrypt","ssh/terminal"]
  revision = "69ecbb4d6d5dab05e49161c6e77ea40a030884e1"

[[projects]]
  branch = "master"
  name = "golang.org/x/net"
  packages = ["context","context/ctxhttp","http/httpguts","http/httpproxy","http2","http2/hpack","idna","internal/timeseries","publicsuffix","trace"]
  revision = "6afb5195e5aab057fda82e27171243402346b0ad"

[[projects]]
  branch = "master"
  name = "golang.org/x/oauth2"
  packages = [".","internal"]
  revision = "bf48bf16ab8d622ce64ec6ce98d2c98f916b6303"

[[projects]]
  branch = "master"
  name = "golang.org/x/sync"
  packages = ["errgroup"]
  revision = "cd5d95a43a6e21273425c7ae415d3df9ea832eeb"

[[projects]]
  branch = "master"
  name = "golang.org/x/sys"
  packages = ["unix","windows","windows/registry"]
  revision = "9fbb57f87de9ccfe3a99d4e3270ce8a926ebba4f"

[[projects]]
  name = "golang.org/x/text"
  packages = ["collate","collate/build","encoding","encoding/internal","encoding/internal/identifier","encoding/unicode","internal/colltab","internal/gen","internal/language","internal/language/compact","internal/tag","internal/triegen","internal/ucd","internal/utf8internal","language","runes","secure/bidirule","transform","unicode/bidi","unicode/cldr","unicode/norm","unicode/rangetable","width"]
  revision = "342b2e1fbaa52c93f31447ad2c6abc048c63e475"
  version = "v0.3.2"

[[projects]]
  branch = "master"
  name = "golang.org/x/time"
  packages = ["rate"]
  revision = "555d28b269f0569763d25dbe1a237ae74c6bcc82"

[[projects]]
  branch = "master"
  name = "golang.org/x/xerrors"
  packages = [".","internal"]
  revision = "9bdfabe68543c54f90421aeb9a60ef8061b5b544"

[[projects]]
  name = "gomodules.xyz/jsonpatch"
  packages = ["v2"]
  revision = "e8422f09d27ee2c8cfb2c7f8089eb9eeb0764849"
  version = "v2.0.1"

[[projects]]
  name = "google.golang.org/appengine"
  packages = ["internal","internal/base","internal/datastore","internal/log","internal/remote_api","internal/urlfetch","urlfetch"]
  revision = "971852bfffca25b069c31162ae8f247a3dba083b"
  version = "v1.6.5"

[[projects]]
  branch = "master"
  name = "google.golang.org/genproto"
  packages = ["googleapis/rpc/status"]
  revision = "58ce757ed39bbbe3bf3960b90ded218031b35389"

[[projects]]
  name = "google.golang.org/grpc"
  packages = [".","attributes","backoff","balancer","balancer/base","balancer/roundrobin","binarylog/grpc_binarylog_v1","codes","connectivity","credentials","credentials/internal","encoding","encoding/proto","grpclog","health/grpc_health_v1","internal","internal/backoff","internal/balancerload","internal/binarylog","internal/buffer","internal/channelz","internal/envconfig","internal/grpcrand","internal/grpcsync","internal/resolver/dns","internal/resolver/passthrough","internal/syscall","internal/transport","keepalive","metadata","naming","peer","resolver","serviceconfig","stats","status","tap"]
  revision = "a89bee78ddf0f67f27c06b1b2b1b071c18408724"
  version = "v1.27.0"

[[projects]]
  name = "gopkg.in/fsnotify.v1"
  packages = ["."]
  revision = "c2828203cd70a50dcccfb2761f8b1f8ceef9a8e9"
  source = "gopkg.in/fsnotify/fsnotify.v1"
  version = "v1.4.7"

[[projects]]
  name = "gopkg.in/gorp.v1"
  packages = ["."]
  revision = "6a667da9c028871f98598d85413e3fc4c6daa52e"
  version = "v1.7.2"

[[projects]]
  name = "gopkg.in/inf.v0"
  packages = ["."]
  revision = "d2d2541c53f18d2a059457998ce2876cc8e67cbf"
  version = "v0.9.1"

[[projects]]
  name = "gopkg.in/ini.v1"
  packages = ["."]
  revision = "94291fffe2b14f4632ec0e67c1bfecfc1287a168"
  version = "v1.51.1"

[[projects]]
  name = "gopkg.in/resty.v1"
  packages = ["."]
  revision = "fa5875c0caa5c260ab78acec5a244215a730247f"
  version = "v1.12.0"

[[projects]]
  name = "gopkg.in/square/go-jose.v2"
  packages = [".","cipher","json","jwt"]
  revision = "4ef0f1b175ccd65472d154e1207c4d7b8102545f"
  version = "v2.4.1"

[[projects]]
  name = "gopkg.in/yaml.v2"
  packages = ["."]
  revision = "51d6538a90f86fe93ac480b35f37b2be17fef232"
  version = "v2.2.2"

[[projects]]
  name = "k8s.io/api"
  packages = ["admission/v1","admission/v1beta1","admissionregistration/v1","admissionregistration/v1beta1","apps/v1","apps/v1beta1","apps/v1beta2","auditregistration/v1alpha1","authentication/v1","authentication/v1beta1","authorization/v1","authorization/v1beta1","autoscaling/v1","autoscaling/v2beta1","autoscaling/v2beta2","batch/v1","batch/v1beta1","batch/v2alpha1","certificates/v1beta1","coordination/v1","coordination/v1beta1","core/v1","discovery/v1alpha1","events/v1beta1","extensions/v1beta1","imagepolicy/v1alpha1","networking/v1","networking/v1beta1","node/v1alpha1","node/v1beta1","policy/v1beta1","rbac/v1","rbac/v1alpha1","rbac/v1beta1","scheduling/v1","scheduling/v1alpha1","scheduling/v1beta1","settings/v1alpha1","storage/v1","storage/v1alpha1","storage/v1beta1"]
  revision = "16d7abae0d2a8ab2a6a7ad1bf3300eaacd541f56"
  version = "kubernetes-1.16.3"

[[projects]]
  name = "k8s.io/apiextensions-apiserver"
  packages = ["pkg/apis/apiextensions","pkg/apis/apiextensions/v1","pkg/apis/apiextensions/v1beta1","pkg/client/clientset/clientset","pkg/client/clientset/clientset/scheme","pkg/client/clientset/clientset/typed/apiextensions/v1","pkg/client/clientset/clientset/typed/apiextensions/v1beta1","pkg/features"]
  revision = "0278775368336f7d84795d0a903ea2a3a83cfd49"
  version = "kubernetes-1.16.3"

[[projects]]
  name = "k8s.io/apimachinery"
  packages = ["pkg/api/equality","pkg/api/errors","pkg/api/meta","pkg/api/resource","pkg/api/validation","pkg/apis/meta/internalversion","pkg/apis/meta/v1","pkg/apis/meta/v1/unstructured","pkg/apis/meta/v1/unstructured/unstructuredscheme","pkg/apis/meta/v1/validation","pkg/apis/meta/v1beta1","pkg/conversion","pkg/conversion/queryparams","pkg/fields","pkg/labels","pkg/runtime","pkg/runtime/schema","pkg/runtime/serializer","pkg/runtime/serializer/json","pkg/runtime/serializer/protobuf","pkg/runtime/serializer/recognizer","pkg/runtime/serializer/streaming","pkg/runtime/serializer/versioning","pkg/selection","pkg/types","pkg/util/cache","pkg/util/clock","pkg/util/diff","pkg/util/duration","pkg/util/errors","pkg/util/framer","pkg/util/httpstream","pkg/util/httpstream/spdy","pkg/util/intstr","pkg/util/json","pkg/util/mergepatch","pkg/util/naming","pkg/util/net","pkg/util/rand","pkg/util/remotecommand","pkg/util/runtime","pkg/util/sets","pkg/util/strategicpatch","pkg/util/uuid","pkg/util/validation","pkg/util/validation/field","pkg/util/wait","pkg/util/yaml","pkg/version","pkg/watch","third_party/forked/golang/json","third_party/forked/golang/netutil","third_party/forked/golang/reflect"]
  revision = "72ed19daf4bb788ae595ae4103c404cb0fa09c84"
  version = "v0.16.4"

[[projects]]
  name = "k8s.io/apiserver"
  packages = ["pkg/authentication/authenticator","pkg/authentication/serviceaccount","pkg/authentication/user","pkg/features","pkg/util/feature"]
  revision = "9ca1dc5866829af144ff306b7d13fbab2157a818"
  version = "kubernetes-1.16.3"

[[projects]]
  name = "k8s.io/cli-runtime"
  packages = ["pkg/genericclioptions","pkg/kustomize","pkg/kustomize/k8sdeps","pkg/kustomize/k8sdeps/configmapandsecret","pkg/kustomize/k8sdeps/kunstruct","pkg/kustomize/k8sdeps/kv","pkg/kustomize/k8sdeps/transformer","pkg/kustomize/k8sdeps/transformer/hash","pkg/kustomize/k8sdeps/transformer/patch","pkg/kustomize/k8sdeps/validator","pkg/printers","pkg/resource"]
  revision = "0a35778df828cb598af59213c0bd68b866636907"
  version = "kubernetes-1.16.3"

[[projects]]
  name = "k8s.io/client-go"
  packages = ["discovery","discovery/cached/disk","discovery/fake","dynamic","informers","informers/admissionregistration","informers/admissionregistration/v1","informers/admissionregistration/v1beta1","informers/apps","informers/apps/v1","informers/apps/v1beta1","informers/apps/v1beta2","informers/auditregistration","informers/auditregistration/v1alpha1","informers/autoscaling","informers/autoscaling/v1","informers/autoscaling/v2beta1","informers/autoscaling/v2beta2","informers/batch","informers/batch/v1","informers/batch/v1beta1","informers/batch/v2alpha1","informers/certificates","informers/certificates/v1beta1","informers/coordination","informers/coordination/v1","informers/coordination/v1beta1","informers/core","informers/core/v1","informers/discovery","informers/discovery/v1alpha1","informers/events","informers/events/v1beta1","informers/extensions","informers/extensions/v1beta1","informers/internalinterfaces","informers/networking","informers/networking/v1","informers/networking/v1beta1","informers/node","informers/node/v1alpha1","informers/node/v1beta1","informers/policy","informers/policy/v1beta1","informers/rbac","informers/rbac/v1","informers/rbac/v1alpha1","informers/rbac/v1beta1","informers/scheduling","informers/scheduling/v1","informers/scheduling/v1alpha1","informers/scheduling/v1beta1","informers/settings","informers/settings/v1alpha1","informers/storage","informers/storage/v1","informers/storage/v1alpha1","informers/storage/v1beta1","kubernetes","kubernetes/fake","kubernetes/scheme","kubernetes/typed/admissionregistration/v1","kubernetes/typed/admissionregistration/v1/fake","kubernetes/typed/admissionregistration/v1beta1","kubernetes/typed/admissionregistration/v1beta1/fake","kubernetes/typed/apps/v1","kubernetes/typed/apps/v1/fake","kubernetes/typed/apps/v1beta1","kubernetes/typed/apps/v1beta1/fake","kubernetes/typed/apps/v1beta2","kubernetes/typed/apps/v1beta2/fake","kubernetes/typed/auditregistration/v1alpha1","kubernetes/typed/auditregistration/v1alpha1/fake","kubernetes/typed/authentication/v1","kubernetes/typed/authentication/v1/fake","kubernetes/typed/authentication/v1beta1","kubernetes/typed/authentication/v1beta1/fake","kubernetes/typed/authorization/v1","kubernetes/typed/authorization/v1/fake","kubernetes/typed/authorization/v1beta1","kubernetes/typed/authorization/v1beta1/fake","kubernetes/typed/autoscaling/v1","kubernetes/typed/autoscaling/v1/fake","kubernetes/typed/autoscaling/v2beta1","kubernetes/typed/autoscaling/v2beta1/fake","kubernetes/typed/autoscaling/v2beta2","kubernetes/typed/autoscaling/v2beta2/fake","kubernetes/typed/batch/v1","kubernetes/typed/batch/v1/fake","kubernetes/typed/batch/v1beta1","kubernetes/typed/batch/v1beta1/fake","kubernetes/typed/batch/v2alpha1","kubernetes/typed/batch/v2alpha1/fake","kubernetes/typed/certificates/v1beta1","kubernetes/typed/certificates/v1beta1/fake","kubernetes/typed/coordination/v1","kubernetes/typed/coordination/v1/fake","kubernetes/typed/coordination/v1beta1","kubernetes/typed/coordination/v1beta1/fake","kubernetes/typed/core/v1","kubernetes/typed/core/v1/fake","kubernetes/typed/discovery/v1alpha1","kubernetes/typed/discovery/v1alpha1/fake","kubernetes/typed/events/v1beta1","kubernetes/typed/events/v1beta1/fake","kubernetes/typed/extensions/v1beta1","kubernetes/typed/extensions/v1beta1/fake","kubernetes/typed/networking/v1","kubernetes/typed/networking/v1/fake","kubernetes/typed/networking/v1beta1","kubernetes/typed/networking/v1beta1/fake","kubernetes/typed/node/v1alpha1","kubernetes/typed/node/v1alpha1/fake","kubernetes/typed/node/v1beta1","kubernetes/typed/node/v1beta1/fake","kubernetes/typed/policy/v1beta1","kubernetes/typed/policy/v1beta1/fake","kubernetes/typed/rbac/v1","kubernetes/typed/rbac/v1/fake","kubernetes/typed/rbac/v1alpha1","kubernetes/typed/rbac/v1alpha1/fake","kubernetes/typed/rbac/v1beta1","kubernetes/typed/rbac/v1beta1/fake","kubernetes/typed/scheduling/v1","kubernetes/typed/scheduling/v1/fake","kubernetes/typed/scheduling/v1alpha1","kubernetes/typed/scheduling/v1alpha1/fake","kubernetes/typed/scheduling/v1beta1","kubernetes/typed/scheduling/v1beta1/fake","kubernetes/typed/settings/v1alpha1","kubernetes/typed/settings/v1alpha1/fake","kubernetes/typed/storage/v1","kubernetes/typed/storage/v1/fake","kubernetes/typed/storage/v1alpha1","kubernetes/typed/storage/v1alpha1/fake","kubernetes/typed/storage/v1beta1","kubernetes/typed/storage/v1beta1/fake","listers/admissionregistration/v1","listers/admissionregistration/v1beta1","listers/apps/v1","listers/apps/v1beta1","listers/apps/v1beta2","listers/auditregistration/v1alpha1","listers/autoscaling/v1","listers/autoscaling/v2beta1","listers/autoscaling/v2beta2","listers/batch/v1","listers/batch/v1beta1","listers/batch/v2alpha1","listers/certificates/v1beta1","listers/coordination/v1","listers/coordination/v1beta1","listers/core/v1","listers/discovery/v1alpha1","listers/events/v1beta1","listers/extensions/v1beta1","listers/networking/v1","listers/networking/v1beta1","listers/node/v1alpha1","listers/node/v1beta1","listers/policy/v1beta1","listers/rbac/v1","listers/rbac/v1alpha1","listers/rbac/v1beta1","listers/scheduling/v1","listers/scheduling/v1alpha1","listers/scheduling/v1beta1","listers/settings/v1alpha1","listers/storage/v1","listers/storage/v1alpha1","listers/storage/v1beta1","metadata","metadata/metadatainformer","metadata/metadatalister","pkg/apis/clientauthentication","pkg/apis/clientauthentication/v1alpha1","pkg/apis/clientauthentication/v1beta1","pkg/version","plugin/pkg/client/auth/exec","rest","rest/watch","restmapper","scale","scale/scheme","scale/scheme/appsint","scale/scheme/appsv1beta1","scale/scheme/appsv1beta2","scale/scheme/autoscalingv1","scale/scheme/extensionsint","scale/scheme/extensionsv1beta1","testing","third_party/forked/golang/template","tools/auth","tools/cache","tools/clientcmd","tools/clientcmd/api","tools/clientcmd/api/latest","tools/clientcmd/api/v1","tools/leaderelection","tools/leaderelection/resourcelock","tools/metrics","tools/pager","tools/portforward","tools/record","tools/record/util","tools/reference","tools/remotecommand","tools/watch","transport","transport/spdy","util/cert","util/connrotation","util/exec","util/flowcontrol","util/homedir","util/jsonpath","util/keyutil","util/retry","util/workqueue"]
  revision = "6c5935290e3335b200f75d874a19be3093e9c36b"
  version = "kubernetes-1.16.3"

[[projects]]
  name = "k8s.io/component-base"
  packages = ["featuregate"]
  revision = "35a9586014f7f40b85b9b5db54cb67b41019d846"
  version = "kubernetes-1.16.3"

[[projects]]
  name = "k8s.io/helm"
  packages = ["cmd/helm/installer","pkg/chartutil","pkg/engine","pkg/getter","pkg/helm","pkg/helm/environment","pkg/helm/helmpath","pkg/ignore","pkg/kube","pkg/manifest","pkg/plugin","pkg/proto/hapi/chart","pkg/proto/hapi/release","pkg/proto/hapi/services","pkg/proto/hapi/version","pkg/provenance","pkg/releaseutil","pkg/renderutil","pkg/repo","pkg/storage","pkg/storage/driver","pkg/storage/errors","pkg/strvals","pkg/sympath","pkg/tiller/environment","pkg/tlsutil","pkg/urlutil","pkg/version"]
  revision = "bbdfe5e7803a12bbdf97e94cd847859890cf4050"
  version = "v2.16.1"

[[projects]]
  name = "k8s.io/klog"
  packages = ["."]
  revision = "2ca9ad30301bf30a8a6e0fa2110db6b8df699a91"
  version = "v1.0.0"

[[projects]]
  name = "k8s.io/kube-aggregator"
  packages = ["pkg/apis/apiregistration","pkg/apis/apiregistration/v1","pkg/apis/apiregistration/v1beta1","pkg/client/clientset_generated/clientset","pkg/client/clientset_generated/clientset/scheme","pkg/client/clientset_generated/clientset/typed/apiregistration/v1","pkg/client/clientset_generated/clientset/typed/apiregistration/v1beta1"]
  revision = "f023614fb9ead2dd61dccdf14ef4266699d858bd"
  version = "kubernetes-1.16.3"

[[projects]]
  branch = "master"
  name = "k8s.io/kube-openapi"
  packages = ["pkg/common","pkg/util/proto","pkg/util/proto/validation"]
  revision = "cdac1c71ff9fcb581b648dfea9ae0eb5c80afa25"

[[projects]]
  name = "k8s.io/kubectl"
  packages = ["pkg/cmd/util","pkg/generated","pkg/rawhttp","pkg/scheme","pkg/util/i18n","pkg/util/interrupt","pkg/util/openapi","pkg/util/openapi/validation","pkg/util/printers","pkg/util/templates","pkg/util/term","pkg/validation","pkg/version"]
  revision = "6123e1c827f7a49a3686e31243181339da131c0c"
  version = "kubernetes-1.16.3"

[[projects]]
  name = "k8s.io/kubernetes"
  packages = ["pkg/api/legacyscheme","pkg/api/service","pkg/api/v1/pod","pkg/apis/apps","pkg/apis/autoscaling","pkg/apis/core","pkg/apis/core/helper","pkg/apis/core/install","pkg/apis/core/pods","pkg/apis/core/v1","pkg/apis/core/v1/helper","pkg/apis/core/validation","pkg/apis/scheduling","pkg/capabilities","pkg/controller","pkg/controller/deployment/util","pkg/features","pkg/fieldpath","pkg/kubectl/cmd/get","pkg/kubelet/types","pkg/master/ports","pkg/printers","pkg/security/apparmor","pkg/serviceaccount","pkg/util/hash","pkg/util/labels","pkg/util/parsers","pkg/util/taints"]
  revision = "b3cbbae08ec52a7fc73d334838e18d17e8512749"
  version = "v1.16.3"

[[projects]]
  branch = "master"
  name = "k8s.io/utils"
  packages = ["buffer","exec","integer","net","path","pointer","trace"]
  revision = "861946025e3491219eaccb1bf693e23df70c2fa8"

[[projects]]
  name = "sigs.k8s.io/controller-runtime"
  packages = ["pkg/builder","pkg/cache","pkg/cache/internal","pkg/client","pkg/client/apiutil","pkg/controller","pkg/conversion","pkg/event","pkg/handler","pkg/healthz","pkg/internal/controller","pkg/internal/controller/metrics","pkg/internal/log","pkg/internal/recorder","pkg/leaderelection","pkg/log","pkg/manager","pkg/metrics","pkg/predicate","pkg/reconcile","pkg/recorder","pkg/runtime/inject","pkg/source","pkg/source/internal","pkg/webhook","pkg/webhook/admission","pkg/webhook/conversion","pkg/webhook/internal/certwatcher","pkg/webhook/internal/metrics"]
  revision = "198197fe0fd7553cadd8afcd3338f8ee4b8a7e3f"
  version = "v0.4.0"

[[projects]]
  name = "sigs.k8s.io/kustomize"
  packages = ["pkg/commands/build","pkg/constants","pkg/expansion","pkg/factory","pkg/fs","pkg/git","pkg/gvk","pkg/ifc","pkg/ifc/transformer","pkg/image","pkg/internal/error","pkg/loader","pkg/patch","pkg/patch/transformer","pkg/resid","pkg/resmap","pkg/resource","pkg/target","pkg/transformers","pkg/transformers/config","pkg/transformers/config/defaultconfig","pkg/types"]
  revision = "a6f65144121d1955266b0cd836ce954c04122dc8"
  version = "v2.0.3"

[[projects]]
  name = "sigs.k8s.io/yaml"
  packages = ["."]
  revision = "fd68e9863619f6ec2fdd8625fe1f02e7c877e480"
  version = "v1.1.0"

[[projects]]
  branch = "master"
  name = "vbom.ml/util"
  packages = ["sortorder"]
  revision = "efcd4e0f97874370259c7d93e12aad57911dea81"

[solve-meta]
  analyzer-name = "dep"
  analyzer-version = 1
  inputs-digest = "f3d3359bf7264b358d5a6df0e0a11498c389a702b665080ab1bd0cc4a9b8014e"
  solver-name = "gps-cdcl"
  solver-version = 1
